# generated by rye
# use `rye lock` or `rye sync` to update this lockfile
#
# last locked with the following flags:
#   pre: false
#   features: []
#   all-features: false
#   with-sources: false
#   generate-hashes: false

-e file:.
build==1.2.1
    # via oschmod
importlib-metadata==8.0.0
    # via build
packaging==24.1
    # via build
pyproject-hooks==1.1.0
    # via build
tomli==2.0.1
    # via build
zipp==3.19.2
    # via importlib-metadata
