# generated by rye
# use `rye lock` or `rye sync` to update this lockfile
#
# last locked with the following flags:
#   pre: false
#   features: []
#   all-features: false
#   with-sources: false

-e file:.
altgraph==0.17.4
    # via pyinstaller
annotated-types==0.6.0
    # via pydantic
anyio==4.3.0
    # via httpx
astroid==3.1.0
    # via pylint
backports-tarfile==1.1.1
    # via jaraco-context
black==24.4.2
bracex==2.4
    # via wcmatch
bump-my-version==0.21.0
cachetools==5.3.3
    # via tox
certifi==2024.2.2
    # via httpcore
    # via httpx
cfgv==3.4.0
    # via pre-commit
chardet==5.2.0
    # via tox
click==8.1.7
    # via black
    # via bump-my-version
    # via hatch
    # via rich-click
    # via userpath
colorama==0.4.6
    # via click
    # via pylint
    # via pytest
    # via tox
coverage==7.5.1
    # via pytest-cov
dill==0.3.8
    # via pylint
distlib==0.3.8
    # via virtualenv
exceptiongroup==1.2.1
    # via anyio
    # via pytest
execnet==2.1.1
    # via pytest-xdist
filelock==3.14.0
    # via tox
    # via virtualenv
flake8==7.0.0
h11==0.14.0
    # via httpcore
hatch==1.10.0
hatchling==1.24.2
    # via hatch
httpcore==1.0.5
    # via httpx
httpx==0.27.0
    # via hatch
hyperlink==21.0.0
    # via hatch
identify==2.5.36
    # via pre-commit
idna==3.7
    # via anyio
    # via httpx
    # via hyperlink
importlib-metadata==7.1.0
    # via keyring
    # via pyinstaller
    # via pyinstaller-hooks-contrib
importlib-resources==6.4.0
    # via keyring
iniconfig==2.0.0
    # via pytest
invoke==2.2.0
isort==5.13.2
    # via pylint
jaraco-classes==3.4.0
    # via keyring
jaraco-context==5.3.0
    # via keyring
jaraco-functools==4.0.1
    # via keyring
keyring==25.2.0
    # via hatch
markdown-it-py==3.0.0
    # via rich
mccabe==0.7.0
    # via flake8
    # via pylint
mdurl==0.1.2
    # via markdown-it-py
mock==5.1.0
more-itertools==10.2.0
    # via jaraco-classes
    # via jaraco-functools
mypy==1.10.0
mypy-extensions==1.0.0
    # via black
    # via mypy
nodeenv==1.8.0
    # via pre-commit
packaging==24.0
    # via black
    # via hatch
    # via hatchling
    # via pyinstaller
    # via pyinstaller-hooks-contrib
    # via pyproject-api
    # via pytest
    # via tox
pastel==0.2.1
    # via poethepoet
pathspec==0.12.1
    # via black
    # via hatchling
pefile==2023.2.7
    # via pyinstaller
pexpect==4.9.0
    # via hatch
platformdirs==4.2.1
    # via black
    # via hatch
    # via pylint
    # via tox
    # via virtualenv
pluggy==1.5.0
    # via hatchling
    # via pytest
    # via tox
poethepoet==0.26.1
pre-commit==3.5.0
prompt-toolkit==3.0.36
    # via questionary
ptyprocess==0.7.0
    # via pexpect
pycodestyle==2.11.1
    # via flake8
pydantic==2.7.1
    # via bump-my-version
    # via pydantic-settings
pydantic-core==2.18.2
    # via pydantic
pydantic-settings==2.2.1
    # via bump-my-version
pyflakes==3.2.0
    # via flake8
pygments==2.18.0
    # via rich
pyinstaller==6.6.0
pyinstaller-hooks-contrib==2024.5
    # via pyinstaller
pylint==3.1.0
pyproject-api==1.6.1
    # via tox
pytest==8.2.0
    # via pytest-cov
    # via pytest-github-actions-annotate-failures
    # via pytest-mock
    # via pytest-xdist
pytest-cov==5.0.0
pytest-github-actions-annotate-failures==0.2.0
pytest-mock==3.14.0
pytest-xdist==3.6.1
python-dotenv==1.0.1
    # via pydantic-settings
pywin32==306
    # via oschmod
pywin32-ctypes==0.2.2
    # via keyring
    # via pyinstaller
pyyaml==6.0.1
    # via pre-commit
questionary==2.0.1
    # via bump-my-version
rich==13.7.1
    # via bump-my-version
    # via hatch
    # via rich-click
rich-click==1.8.1
    # via bump-my-version
ruff==0.4.3
setuptools==69.5.1
    # via nodeenv
    # via pyinstaller
    # via pyinstaller-hooks-contrib
shellingham==1.5.4
    # via hatch
sniffio==1.3.1
    # via anyio
    # via httpx
tomli==2.0.1
    # via black
    # via coverage
    # via hatchling
    # via mypy
    # via poethepoet
    # via pylint
    # via pyproject-api
    # via pytest
    # via tox
tomli-w==1.0.0
    # via hatch
tomlkit==0.12.5
    # via bump-my-version
    # via hatch
    # via pylint
tox==4.15.0
trove-classifiers==2024.4.10
    # via hatchling
types-chevron==0.14.2.20240310
types-psutil==5.9.5.20240423
types-pywin32==306.0.0.20240408
types-pyyaml==6.0.12.20240311
types-setuptools==69.5.0.20240423
typing-extensions==4.11.0
    # via annotated-types
    # via anyio
    # via astroid
    # via black
    # via mypy
    # via pydantic
    # via pydantic-core
    # via pylint
    # via rich
    # via rich-click
userpath==1.9.2
    # via hatch
uv==0.1.41
    # via hatch
virtualenv==20.26.1
    # via hatch
    # via pre-commit
    # via tox
wcmatch==8.5.1
    # via bump-my-version
wcwidth==0.2.13
    # via prompt-toolkit
zipp==3.18.1
    # via importlib-metadata
    # via importlib-resources
zstandard==0.22.0
    # via hatch
